
Microsoft Visual Studio Solution File, Format Version 12.00
# Visual Studio 14
VisualStudioVersion = 14.0.25420.1
MinimumVisualStudioVersion = 10.0.40219.1
Project("{FAE04EC0-301F-11D3-BF4B-00C04F79EFBC}") = "1_StartFromSimpleDataType", "1_StartFromSimpleDataType\1_StartFromSimpleDataType.csproj", "{26F0BE49-F268-4AF5-9915-5D8483799F1C}"
EndProject
Project("{FAE04EC0-301F-11D3-BF4B-00C04F79EFBC}") = "2_CSharp1CoreBase", "2_CSharp1CoreBase\2_CSharp1CoreBase.csproj", "{DFC7E975-049A-4069-8A84-F461BE523CC8}"
EndProject
Project("{FAE04EC0-301F-11D3-BF4B-00C04F79EFBC}") = "3_GenericParameterizedType", "3_GenericParameterizedType\3_GenericParameterizedType.csproj", "{81ACBE68-E26D-4659-B4D9-F7BF91A9515C}"
EndProject
Project("{FAE04EC0-301F-11D3-BF4B-00C04F79EFBC}") = "4_NullableType", "4_NullableType\4_NullableType.csproj", "{B9796ABF-DBD2-47BA-9180-94AB1DF138BB}"
EndProject
Global
	GlobalSection(SolutionConfigurationPlatforms) = preSolution
		Debug|Any CPU = Debug|Any CPU
		Release|Any CPU = Release|Any CPU
	EndGlobalSection
	GlobalSection(ProjectConfigurationPlatforms) = postSolution
		{26F0BE49-F268-4AF5-9915-5D8483799F1C}.Debug|Any CPU.ActiveCfg = Debug|Any CPU
		{26F0BE49-F268-4AF5-9915-5D8483799F1C}.Debug|Any CPU.Build.0 = Debug|Any CPU
		{26F0BE49-F268-4AF5-9915-5D8483799F1C}.Release|Any CPU.ActiveCfg = Release|Any CPU
		{26F0BE49-F268-4AF5-9915-5D8483799F1C}.Release|Any CPU.Build.0 = Release|Any CPU
		{DFC7E975-049A-4069-8A84-F461BE523CC8}.Debug|Any CPU.ActiveCfg = Debug|Any CPU
		{DFC7E975-049A-4069-8A84-F461BE523CC8}.Debug|Any CPU.Build.0 = Debug|Any CPU
		{DFC7E975-049A-4069-8A84-F461BE523CC8}.Release|Any CPU.ActiveCfg = Release|Any CPU
		{DFC7E975-049A-4069-8A84-F461BE523CC8}.Release|Any CPU.Build.0 = Release|Any CPU
		{81ACBE68-E26D-4659-B4D9-F7BF91A9515C}.Debug|Any CPU.ActiveCfg = Debug|Any CPU
		{81ACBE68-E26D-4659-B4D9-F7BF91A9515C}.Debug|Any CPU.Build.0 = Debug|Any CPU
		{81ACBE68-E26D-4659-B4D9-F7BF91A9515C}.Release|Any CPU.ActiveCfg = Release|Any CPU
		{81ACBE68-E26D-4659-B4D9-F7BF91A9515C}.Release|Any CPU.Build.0 = Release|Any CPU
		{B9796ABF-DBD2-47BA-9180-94AB1DF138BB}.Debug|Any CPU.ActiveCfg = Debug|Any CPU
		{B9796ABF-DBD2-47BA-9180-94AB1DF138BB}.Debug|Any CPU.Build.0 = Debug|Any CPU
		{B9796ABF-DBD2-47BA-9180-94AB1DF138BB}.Release|Any CPU.ActiveCfg = Release|Any CPU
		{B9796ABF-DBD2-47BA-9180-94AB1DF138BB}.Release|Any CPU.Build.0 = Release|Any CPU
	EndGlobalSection
	GlobalSection(SolutionProperties) = preSolution
		HideSolutionNode = FALSE
	EndGlobalSection
EndGlobal
